
Microsoft Visual Studio Solution File, Format Version 12.00
# Visual Studio Version 17
VisualStudioVersion = 17.7.34031.279
MinimumVisualStudioVersion = 10.0.40219.1
Project("{FAE04EC0-301F-11D3-BF4B-00C04F79EFBC}") = "funkcje", "funkcje\funkcje.csproj", "{281EE3C0-EC41-4EA2-8C9E-FD7C2228B19C}"
EndProject
Global
	GlobalSection(SolutionConfigurationPlatforms) = preSolution
		Debug|Any CPU = Debug|Any CPU
		Release|Any CPU = Release|Any CPU
	EndGlobalSection
	GlobalSection(ProjectConfigurationPlatforms) = postSolution
		{281EE3C0-EC41-4EA2-8C9E-FD7C2228B19C}.Debug|Any CPU.ActiveCfg = Debug|Any CPU
		{281EE3C0-EC41-4EA2-8C9E-FD7C2228B19C}.Debug|Any CPU.Build.0 = Debug|Any CPU
		{281EE3C0-EC41-4EA2-8C9E-FD7C2228B19C}.Release|Any CPU.ActiveCfg = Release|Any CPU
		{281EE3C0-EC41-4EA2-8C9E-FD7C2228B19C}.Release|Any CPU.Build.0 = Release|Any CPU
	EndGlobalSection
	GlobalSection(SolutionProperties) = preSolution
		HideSolutionNode = FALSE
	EndGlobalSection
	GlobalSection(ExtensibilityGlobals) = postSolution
		SolutionGuid = {0E5369FD-21C0-4690-BF39-32F4B334EE05}
	EndGlobalSection
EndGlobal
